
Microsoft Visual Studio Solution File, Format Version 12.00
# Visual Studio Version 16
VisualStudioVersion = 16.0.30717.126
MinimumVisualStudioVersion = 10.0.40219.1
Project("{FAE04EC0-301F-11D3-BF4B-00C04F79EFBC}") = "StreamEducation", "StreamEducation\StreamEducation.csproj", "{334C4987-F0D6-4E5F-9B1E-164B3514C0B5}"
EndProject
Global
	GlobalSection(SolutionConfigurationPlatforms) = preSolution
		Debug|Any CPU = Debug|Any CPU
		Release|Any CPU = Release|Any CPU
	EndGlobalSection
	GlobalSection(ProjectConfigurationPlatforms) = postSolution
		{334C4987-F0D6-4E5F-9B1E-164B3514C0B5}.Debug|Any CPU.ActiveCfg = Debug|Any CPU
		{334C4987-F0D6-4E5F-9B1E-164B3514C0B5}.Debug|Any CPU.Build.0 = Debug|Any CPU
		{334C4987-F0D6-4E5F-9B1E-164B3514C0B5}.Release|Any CPU.ActiveCfg = Release|Any CPU
		{334C4987-F0D6-4E5F-9B1E-164B3514C0B5}.Release|Any CPU.Build.0 = Release|Any CPU
	EndGlobalSection
	GlobalSection(SolutionProperties) = preSolution
		HideSolutionNode = FALSE
	EndGlobalSection
	GlobalSection(ExtensibilityGlobals) = postSolution
		SolutionGuid = {10986491-0F95-464D-BA24-D76471936E9E}
	EndGlobalSection
EndGlobal
